{
  "object": {
    "pins": [
      {
        "package": "FigmaKit",
        "repositoryURL": "https://github.com/jverkoey/FigmaKit",
        "state": {
          "branch": null,
          "revision": "0ec2fde6609009bee9aff86d333f62043321f86f",
          "version": "0.0.38"
        }
      }
    ]
  },
  "version": 1
}
