{
  "object": {
    "pins": [
      {
        "package": "FigmaKit",
        "repositoryURL": "https://github.com/jverkoey/FigmaKit",
        "state": {
          "branch": null,
          "revision": "346a180d2d420dc607ec311e7ce3d9b1a0efa062",
          "version": "0.0.33"
        }
      }
    ]
  },
  "version": 1
}
