{
  "object": {
    "pins": [
      {
        "package": "FigmaKit",
        "repositoryURL": "https://github.com/jverkoey/FigmaKit",
        "state": {
          "branch": null,
          "revision": "cc10f0c81da53d09a7e69e88ff15d3c6b11b7a5f",
          "version": "0.0.16"
        }
      }
    ]
  },
  "version": 1
}
